
Microsoft Visual Studio Solution File, Format Version 12.00
# Visual Studio Version 16
VisualStudioVersion = 16.0.36631.11
MinimumVisualStudioVersion = 10.0.40219.1
Project("{FAE04EC0-301F-11D3-BF4B-00C04F79EFBC}") = "CSharpBasicExercises", "CSharpBasicExercises\CSharpBasicExercises.csproj", "{96F59694-4AC9-4A59-9777-47E67F091CC7}"
EndProject
Global
	GlobalSection(SolutionConfigurationPlatforms) = preSolution
		Debug|Any CPU = Debug|Any CPU
		Release|Any CPU = Release|Any CPU
	EndGlobalSection
	GlobalSection(ProjectConfigurationPlatforms) = postSolution
		{96F59694-4AC9-4A59-9777-47E67F091CC7}.Debug|Any CPU.ActiveCfg = Debug|Any CPU
		{96F59694-4AC9-4A59-9777-47E67F091CC7}.Debug|Any CPU.Build.0 = Debug|Any CPU
		{96F59694-4AC9-4A59-9777-47E67F091CC7}.Release|Any CPU.ActiveCfg = Release|Any CPU
		{96F59694-4AC9-4A59-9777-47E67F091CC7}.Release|Any CPU.Build.0 = Release|Any CPU
	EndGlobalSection
	GlobalSection(SolutionProperties) = preSolution
		HideSolutionNode = FALSE
	EndGlobalSection
	GlobalSection(ExtensibilityGlobals) = postSolution
		SolutionGuid = {1355B006-00C1-4399-B481-1DAD12A9394D}
	EndGlobalSection
EndGlobal
